
Microsoft Visual Studio Solution File, Format Version 12.00
# Visual Studio 15
VisualStudioVersion = 15.0.28010.2026
MinimumVisualStudioVersion = 10.0.40219.1
Project("{FAE04EC0-301F-11D3-BF4B-00C04F79EFBC}") = "NelasodRecover", "NelasodRecover\NelasodRecover.csproj", "{DA075A0F-5D1B-4083-BD86-9EBAAC1EFFA6}"
EndProject
Global
	GlobalSection(SolutionConfigurationPlatforms) = preSolution
		Debug|Any CPU = Debug|Any CPU
		Release|Any CPU = Release|Any CPU
	EndGlobalSection
	GlobalSection(ProjectConfigurationPlatforms) = postSolution
		{DA075A0F-5D1B-4083-BD86-9EBAAC1EFFA6}.Debug|Any CPU.ActiveCfg = Debug|Any CPU
		{DA075A0F-5D1B-4083-BD86-9EBAAC1EFFA6}.Debug|Any CPU.Build.0 = Debug|Any CPU
		{DA075A0F-5D1B-4083-BD86-9EBAAC1EFFA6}.Release|Any CPU.ActiveCfg = Release|Any CPU
		{DA075A0F-5D1B-4083-BD86-9EBAAC1EFFA6}.Release|Any CPU.Build.0 = Release|Any CPU
	EndGlobalSection
	GlobalSection(SolutionProperties) = preSolution
		HideSolutionNode = FALSE
	EndGlobalSection
	GlobalSection(ExtensibilityGlobals) = postSolution
		SolutionGuid = {97F1F6E6-9F16-4247-9581-FBC6285FF9FA}
	EndGlobalSection
EndGlobal
